// !$*UTF8*$!
{
	archiveVersion = 1;
	classes = {
	};
	objectVersion = 50;
	objects = {

/* Begin PBXBuildFile section */
		81CCBBB5250A50DF0093781D /* AppDelegate.swift in Sources */ = {isa = PBXBuildFile; fileRef = 81CCBBB4250A50DF0093781D /* AppDelegate.swift */; };
		81CCBBB7250A50DF0093781D /* SceneDelegate.swift in Sources */ = {isa = PBXBuildFile; fileRef = 81CCBBB6250A50DF0093781D /* SceneDelegate.swift */; };
		81CCBBB9250A50DF0093781D /* ViewController.swift in Sources */ = {isa = PBXBuildFile; fileRef = 81CCBBB8250A50DF0093781D /* ViewController.swift */; };
		81CCBBBC250A50DF0093781D /* Main.storyboard in Resources */ = {isa = PBXBuildFile; fileRef = 81CCBBBA250A50DF0093781D /* Main.storyboard */; };
		81CCBBBE250A50E30093781D /* Assets.xcassets in Resources */ = {isa = PBXBuildFile; fileRef = 81CCBBBD250A50E30093781D /* Assets.xcassets */; };
		81CCBBC1250A50E30093781D /* LaunchScreen.storyboard in Resources */ = {isa = PBXBuildFile; fileRef = 81CCBBBF250A50E30093781D /* LaunchScreen.storyboard */; };
		81CCBBCC250A50E40093781D /* TechPodTests.swift in Sources */ = {isa = PBXBuildFile; fileRef = 81CCBBCB250A50E40093781D /* TechPodTests.swift */; };
		81CCBBD7250A50E40093781D /* TechPodUITests.swift in Sources */ = {isa = PBXBuildFile; fileRef = 81CCBBD6250A50E40093781D /* TechPodUITests.swift */; };
/* End PBXBuildFile section */

/* Begin PBXContainerItemProxy section */
		81CCBBC8250A50E40093781D /* PBXContainerItemProxy */ = {
			isa = PBXContainerItemProxy;
			containerPortal = 81CCBBA9250A50DF0093781D /* Project object */;
			proxyType = 1;
			remoteGlobalIDString = 81CCBBB0250A50DF0093781D;
			remoteInfo = TechPod;
		};
		81CCBBD3250A50E40093781D /* PBXContainerItemProxy */ = {
			isa = PBXContainerItemProxy;
			containerPortal = 81CCBBA9250A50DF0093781D /* Project object */;
			proxyType = 1;
			remoteGlobalIDString = 81CCBBB0250A50DF0093781D;
			remoteInfo = TechPod;
		};
/* End PBXContainerItemProxy section */

/* Begin PBXFileReference section */
		81CCBBB1250A50DF0093781D /* TechPod.app */ = {isa = PBXFileReference; explicitFileType = wrapper.application; includeInIndex = 0; path = TechPod.app; sourceTree = BUILT_PRODUCTS_DIR; };
		81CCBBB4250A50DF0093781D /* AppDelegate.swift */ = {isa = PBXFileReference; lastKnownFileType = sourcecode.swift; path = AppDelegate.swift; sourceTree = "<group>"; };
		81CCBBB6250A50DF0093781D /* SceneDelegate.swift */ = {isa = PBXFileReference; lastKnownFileType = sourcecode.swift; path = SceneDelegate.swift; sourceTree = "<group>"; };
		81CCBBB8250A50DF0093781D /* ViewController.swift */ = {isa = PBXFileReference; lastKnownFileType = sourcecode.swift; path = ViewController.swift; sourceTree = "<group>"; };
		81CCBBBB250A50DF0093781D /* Base */ = {isa = PBXFileReference; lastKnownFileType = file.storyboard; name = Base; path = Base.lproj/Main.storyboard; sourceTree = "<group>"; };
		81CCBBBD250A50E30093781D /* Assets.xcassets */ = {isa = PBXFileReference; lastKnownFileType = folder.assetcatalog; path = Assets.xcassets; sourceTree = "<group>"; };
		81CCBBC0250A50E30093781D /* Base */ = {isa = PBXFileReference; lastKnownFileType = file.storyboard; name = Base; path = Base.lproj/LaunchScreen.storyboard; sourceTree = "<group>"; };
		81CCBBC2250A50E30093781D /* Info.plist */ = {isa = PBXFileReference; lastKnownFileType = text.plist.xml; path = Info.plist; sourceTree = "<group>"; };
		81CCBBC7250A50E40093781D /* TechPodTests.xctest */ = {isa = PBXFileReference; explicitFileType = wrapper.cfbundle; includeInIndex = 0; path = TechPodTests.xctest; sourceTree = BUILT_PRODUCTS_DIR; };
		81CCBBCB250A50E40093781D /* TechPodTests.swift */ = {isa = PBXFileReference; lastKnownFileType = sourcecode.swift; path = TechPodTests.swift; sourceTree = "<group>"; };
		81CCBBCD250A50E40093781D /* Info.plist */ = {isa = PBXFileReference; lastKnownFileType = text.plist.xml; path = Info.plist; sourceTree = "<group>"; };
		81CCBBD2250A50E40093781D /* TechPodUITests.xctest */ = {isa = PBXFileReference; explicitFileType = wrapper.cfbundle; includeInIndex = 0; path = TechPodUITests.xctest; sourceTree = BUILT_PRODUCTS_DIR; };
		81CCBBD6250A50E40093781D /* TechPodUITests.swift */ = {isa = PBXFileReference; lastKnownFileType = sourcecode.swift; path = TechPodUITests.swift; sourceTree = "<group>"; };
		81CCBBD8250A50E40093781D /* Info.plist */ = {isa = PBXFileReference; lastKnownFileType = text.plist.xml; path = Info.plist; sourceTree = "<group>"; };
/* End PBXFileReference section */

/* Begin PBXFrameworksBuildPhase section */
		81CCBBAE250A50DF0093781D /* Frameworks */ = {
			isa = PBXFrameworksBuildPhase;
			buildActionMask = 2147483647;
			files = (
			);
			runOnlyForDeploymentPostprocessing = 0;
		};
		81CCBBC4250A50E40093781D /* Frameworks */ = {
			isa = PBXFrameworksBuildPhase;
			buildActionMask = 2147483647;
			files = (
			);
			runOnlyForDeploymentPostprocessing = 0;
		};
		81CCBBCF250A50E40093781D /* Frameworks */ = {
			isa = PBXFrameworksBuildPhase;
			buildActionMask = 2147483647;
			files = (
			);
			runOnlyForDeploymentPostprocessing = 0;
		};
/* End PBXFrameworksBuildPhase section */

/* Begin PBXGroup section */
		81CCBBA8250A50DF0093781D = {
			isa = PBXGroup;
			children = (
				81CCBBB3250A50DF0093781D /* TechPod */,
				81CCBBCA250A50E40093781D /* TechPodTests */,
				81CCBBD5250A50E40093781D /* TechPodUITests */,
				81CCBBB2250A50DF0093781D /* Products */,
			);
			sourceTree = "<group>";
		};
		81CCBBB2250A50DF0093781D /* Products */ = {
			isa = PBXGroup;
			children = (
				81CCBBB1250A50DF0093781D /* TechPod.app */,
				81CCBBC7250A50E40093781D /* TechPodTests.xctest */,
				81CCBBD2250A50E40093781D /* TechPodUITests.xctest */,
			);
			name = Products;
			sourceTree = "<group>";
		};
		81CCBBB3250A50DF0093781D /* TechPod */ = {
			isa = PBXGroup;
			children = (
				81CCBBB4250A50DF0093781D /* AppDelegate.swift */,
				81CCBBB6250A50DF0093781D /* SceneDelegate.swift */,
				81CCBBB8250A50DF0093781D /* ViewController.swift */,
				81CCBBBA250A50DF0093781D /* Main.storyboard */,
				81CCBBBD250A50E30093781D /* Assets.xcassets */,
				81CCBBBF250A50E30093781D /* LaunchScreen.storyboard */,
				81CCBBC2250A50E30093781D /* Info.plist */,
			);
			path = TechPod;
			sourceTree = "<group>";
		};
		81CCBBCA250A50E40093781D /* TechPodTests */ = {
			isa = PBXGroup;
			children = (
				81CCBBCB250A50E40093781D /* TechPodTests.swift */,
				81CCBBCD250A50E40093781D /* Info.plist */,
			);
			path = TechPodTests;
			sourceTree = "<group>";
		};
		81CCBBD5250A50E40093781D /* TechPodUITests */ = {
			isa = PBXGroup;
			children = (
				81CCBBD6250A50E40093781D /* TechPodUITests.swift */,
				81CCBBD8250A50E40093781D /* Info.plist */,
			);
			path = TechPodUITests;
			sourceTree = "<group>";
		};
/* End PBXGroup section */

/* Begin PBXNativeTarget section */
		81CCBBB0250A50DF0093781D /* TechPod */ = {
			isa = PBXNativeTarget;
			buildConfigurationList = 81CCBBDB250A50E40093781D /* Build configuration list for PBXNativeTarget "TechPod" */;
			buildPhases = (
				81CCBBAD250A50DF0093781D /* Sources */,
				81CCBBAE250A50DF0093781D /* Frameworks */,
				81CCBBAF250A50DF0093781D /* Resources */,
			);
			buildRules = (
			);
			dependencies = (
			);
			name = TechPod;
			productName = TechPod;
			productReference = 81CCBBB1250A50DF0093781D /* TechPod.app */;
			productType = "com.apple.product-type.application";
		};
		81CCBBC6250A50E40093781D /* TechPodTests */ = {
			isa = PBXNativeTarget;
			buildConfigurationList = 81CCBBDE250A50E40093781D /* Build configuration list for PBXNativeTarget "TechPodTests" */;
			buildPhases = (
				81CCBBC3250A50E40093781D /* Sources */,
				81CCBBC4250A50E40093781D /* Frameworks */,
				81CCBBC5250A50E40093781D /* Resources */,
			);
			buildRules = (
			);
			dependencies = (
				81CCBBC9250A50E40093781D /* PBXTargetDependency */,
			);
			name = TechPodTests;
			productName = TechPodTests;
			productReference = 81CCBBC7250A50E40093781D /* TechPodTests.xctest */;
			productType = "com.apple.product-type.bundle.unit-test";
		};
		81CCBBD1250A50E40093781D /* TechPodUITests */ = {
			isa = PBXNativeTarget;
			buildConfigurationList = 81CCBBE1250A50E40093781D /* Build configuration list for PBXNativeTarget "TechPodUITests" */;
			buildPhases = (
				81CCBBCE250A50E40093781D /* Sources */,
				81CCBBCF250A50E40093781D /* Frameworks */,
				81CCBBD0250A50E40093781D /* Resources */,
			);
			buildRules = (
			);
			dependencies = (
				81CCBBD4250A50E40093781D /* PBXTargetDependency */,
			);
			name = TechPodUITests;
			productName = TechPodUITests;
			productReference = 81CCBBD2250A50E40093781D /* TechPodUITests.xctest */;
			productType = "com.apple.product-type.bundle.ui-testing";
		};
/* End PBXNativeTarget section */

/* Begin PBXProject section */
		81CCBBA9250A50DF0093781D /* Project object */ = {
			isa = PBXProject;
			attributes = {
				LastSwiftUpdateCheck = 1170;
				LastUpgradeCheck = 1170;
				ORGANIZATIONNAME = com.litech;
				TargetAttributes = {
					81CCBBB0250A50DF0093781D = {
						CreatedOnToolsVersion = 11.7;
					};
					81CCBBC6250A50E40093781D = {
						CreatedOnToolsVersion = 11.7;
						TestTargetID = 81CCBBB0250A50DF0093781D;
					};
					81CCBBD1250A50E40093781D = {
						CreatedOnToolsVersion = 11.7;
						TestTargetID = 81CCBBB0250A50DF0093781D;
					};
				};
			};
			buildConfigurationList = 81CCBBAC250A50DF0093781D /* Build configuration list for PBXProject "TechPod" */;
			compatibilityVersion = "Xcode 9.3";
			developmentRegion = en;
			hasScannedForEncodings = 0;
			knownRegions = (
				en,
				Base,
			);
			mainGroup = 81CCBBA8250A50DF0093781D;
			productRefGroup = 81CCBBB2250A50DF0093781D /* Products */;
			projectDirPath = "";
			projectRoot = "";
			targets = (
				81CCBBB0250A50DF0093781D /* TechPod */,
				81CCBBC6250A50E40093781D /* TechPodTests */,
				81CCBBD1250A50E40093781D /* TechPodUITests */,
			);
		};
/* End PBXProject section */

/* Begin PBXResourcesBuildPhase section */
		81CCBBAF250A50DF0093781D /* Resources */ = {
			isa = PBXResourcesBuildPhase;
			buildActionMask = 2147483647;
			files = (
				81CCBBC1250A50E30093781D /* LaunchScreen.storyboard in Resources */,
				81CCBBBE250A50E30093781D /* Assets.xcassets in Resources */,
				81CCBBBC250A50DF0093781D /* Main.storyboard in Resources */,
			);
			runOnlyForDeploymentPostprocessing = 0;
		};
		81CCBBC5250A50E40093781D /* Resources */ = {
			isa = PBXResourcesBuildPhase;
			buildActionMask = 2147483647;
			files = (
			);
			runOnlyForDeploymentPostprocessing = 0;
		};
		81CCBBD0250A50E40093781D /* Resources */ = {
			isa = PBXResourcesBuildPhase;
			buildActionMask = 2147483647;
			files = (
			);
			runOnlyForDeploymentPostprocessing = 0;
		};
/* End PBXResourcesBuildPhase section */

/* Begin PBXSourcesBuildPhase section */
		81CCBBAD250A50DF0093781D /* Sources */ = {
			isa = PBXSourcesBuildPhase;
			buildActionMask = 2147483647;
			files = (
				81CCBBB9250A50DF0093781D /* ViewController.swift in Sources */,
				81CCBBB5250A50DF0093781D /* AppDelegate.swift in Sources */,
				81CCBBB7250A50DF0093781D /* SceneDelegate.swift in Sources */,
			);
			runOnlyForDeploymentPostprocessing = 0;
		};
		81CCBBC3250A50E40093781D /* Sources */ = {
			isa = PBXSourcesBuildPhase;
			buildActionMask = 2147483647;
			files = (
				81CCBBCC250A50E40093781D /* TechPodTests.swift in Sources */,
			);
			runOnlyForDeploymentPostprocessing = 0;
		};
		81CCBBCE250A50E40093781D /* Sources */ = {
			isa = PBXSourcesBuildPhase;
			buildActionMask = 2147483647;
			files = (
				81CCBBD7250A50E40093781D /* TechPodUITests.swift in Sources */,
			);
			runOnlyForDeploymentPostprocessing = 0;
		};
/* End PBXSourcesBuildPhase section */

/* Begin PBXTargetDependency section */
		81CCBBC9250A50E40093781D /* PBXTargetDependency */ = {
			isa = PBXTargetDependency;
			target = 81CCBBB0250A50DF0093781D /* TechPod */;
			targetProxy = 81CCBBC8250A50E40093781D /* PBXContainerItemProxy */;
		};
		81CCBBD4250A50E40093781D /* PBXTargetDependency */ = {
			isa = PBXTargetDependency;
			target = 81CCBBB0250A50DF0093781D /* TechPod */;
			targetProxy = 81CCBBD3250A50E40093781D /* PBXContainerItemProxy */;
		};
/* End PBXTargetDependency section */

/* Begin PBXVariantGroup section */
		81CCBBBA250A50DF0093781D /* Main.storyboard */ = {
			isa = PBXVariantGroup;
			children = (
				81CCBBBB250A50DF0093781D /* Base */,
			);
			name = Main.storyboard;
			sourceTree = "<group>";
		};
		81CCBBBF250A50E30093781D /* LaunchScreen.storyboard */ = {
			isa = PBXVariantGroup;
			children = (
				81CCBBC0250A50E30093781D /* Base */,
			);
			name = LaunchScreen.storyboard;
			sourceTree = "<group>";
		};
/* End PBXVariantGroup section */

/* Begin XCBuildConfiguration section */
		81CCBBD9250A50E40093781D /* Debug */ = {
			isa = XCBuildConfiguration;
			buildSettings = {
				ALWAYS_SEARCH_USER_PATHS = NO;
				CLANG_ANALYZER_NONNULL = YES;
				CLANG_ANALYZER_NUMBER_OBJECT_CONVERSION = YES_AGGRESSIVE;
				CLANG_CXX_LANGUAGE_STANDARD = "gnu++14";
				CLANG_CXX_LIBRARY = "libc++";
				CLANG_ENABLE_MODULES = YES;
				CLANG_ENABLE_OBJC_ARC = YES;
				CLANG_ENABLE_OBJC_WEAK = YES;
				CLANG_WARN_BLOCK_CAPTURE_AUTORELEASING = YES;
				CLANG_WARN_BOOL_CONVERSION = YES;
				CLANG_WARN_COMMA = YES;
				CLANG_WARN_CONSTANT_CONVERSION = YES;
				CLANG_WARN_DEPRECATED_OBJC_IMPLEMENTATIONS = YES;
				CLANG_WARN_DIRECT_OBJC_ISA_USAGE = YES_ERROR;
				CLANG_WARN_DOCUMENTATION_COMMENTS = YES;
				CLANG_WARN_EMPTY_BODY = YES;
				CLANG_WARN_ENUM_CONVERSION = YES;
				CLANG_WARN_INFINITE_RECURSION = YES;
				CLANG_WARN_INT_CONVERSION = YES;
				CLANG_WARN_NON_LITERAL_NULL_CONVERSION = YES;
				CLANG_WARN_OBJC_IMPLICIT_RETAIN_SELF = YES;
				CLANG_WARN_OBJC_LITERAL_CONVERSION = YES;
				CLANG_WARN_OBJC_ROOT_CLASS = YES_ERROR;
				CLANG_WARN_RANGE_LOOP_ANALYSIS = YES;
				CLANG_WARN_STRICT_PROTOTYPES = YES;
				CLANG_WARN_SUSPICIOUS_MOVE = YES;
				CLANG_WARN_UNGUARDED_AVAILABILITY = YES_AGGRESSIVE;
				CLANG_WARN_UNREACHABLE_CODE = YES;
				CLANG_WARN__DUPLICATE_METHOD_MATCH = YES;
				COPY_PHASE_STRIP = NO;
				DEBUG_INFORMATION_FORMAT = dwarf;
				ENABLE_STRICT_OBJC_MSGSEND = YES;
				ENABLE_TESTABILITY = YES;
				GCC_C_LANGUAGE_STANDARD = gnu11;
				GCC_DYNAMIC_NO_PIC = NO;
				GCC_NO_COMMON_BLOCKS = YES;
				GCC_OPTIMIZATION_LEVEL = 0;
				GCC_PREPROCESSOR_DEFINITIONS = (
					"DEBUG=1",
					"$(inherited)",
				);
				GCC_WARN_64_TO_32_BIT_CONVERSION = YES;
				GCC_WARN_ABOUT_RETURN_TYPE = YES_ERROR;
				GCC_WARN_UNDECLARED_SELECTOR = YES;
				GCC_WARN_UNINITIALIZED_AUTOS = YES_AGGRESSIVE;
				GCC_WARN_UNUSED_FUNCTION = YES;
				GCC_WARN_UNUSED_VARIABLE = YES;
				IPHONEOS_DEPLOYMENT_TARGET = 13.7;
				MTL_ENABLE_DEBUG_INFO = INCLUDE_SOURCE;
				MTL_FAST_MATH = YES;
				ONLY_ACTIVE_ARCH = YES;
				SDKROOT = iphoneos;
				SWIFT_ACTIVE_COMPILATION_CONDITIONS = DEBUG;
				SWIFT_OPTIMIZATION_LEVEL = "-Onone";
			};
			name = Debug;
		};
		81CCBBDA250A50E40093781D /* Release */ = {
			isa = XCBuildConfiguration;
			buildSettings = {
				ALWAYS_SEARCH_USER_PATHS = NO;
				CLANG_ANALYZER_NONNULL = YES;
				CLANG_ANALYZER_NUMBER_OBJECT_CONVERSION = YES_AGGRESSIVE;
				CLANG_CXX_LANGUAGE_STANDARD = "gnu++14";
				CLANG_CXX_LIBRARY = "libc++";
				CLANG_ENABLE_MODULES = YES;
				CLANG_ENABLE_OBJC_ARC = YES;
				CLANG_ENABLE_OBJC_WEAK = YES;
				CLANG_WARN_BLOCK_CAPTURE_AUTORELEASING = YES;
				CLANG_WARN_BOOL_CONVERSION = YES;
				CLANG_WARN_COMMA = YES;
				CLANG_WARN_CONSTANT_CONVERSION = YES;
				CLANG_WARN_DEPRECATED_OBJC_IMPLEMENTATIONS = YES;
				CLANG_WARN_DIRECT_OBJC_ISA_USAGE = YES_ERROR;
				CLANG_WARN_DOCUMENTATION_COMMENTS = YES;
				CLANG_WARN_EMPTY_BODY = YES;
				CLANG_WARN_ENUM_CONVERSION = YES;
				CLANG_WARN_INFINITE_RECURSION = YES;
				CLANG_WARN_INT_CONVERSION = YES;
				CLANG_WARN_NON_LITERAL_NULL_CONVERSION = YES;
				CLANG_WARN_OBJC_IMPLICIT_RETAIN_SELF = YES;
				CLANG_WARN_OBJC_LITERAL_CONVERSION = YES;
				CLANG_WARN_OBJC_ROOT_CLASS = YES_ERROR;
				CLANG_WARN_RANGE_LOOP_ANALYSIS = YES;
				CLANG_WARN_STRICT_PROTOTYPES = YES;
				CLANG_WARN_SUSPICIOUS_MOVE = YES;
				CLANG_WARN_UNGUARDED_AVAILABILITY = YES_AGGRESSIVE;
				CLANG_WARN_UNREACHABLE_CODE = YES;
				CLANG_WARN__DUPLICATE_METHOD_MATCH = YES;
				COPY_PHASE_STRIP = NO;
				DEBUG_INFORMATION_FORMAT = "dwarf-with-dsym";
				ENABLE_NS_ASSERTIONS = NO;
				ENABLE_STRICT_OBJC_MSGSEND = YES;
				GCC_C_LANGUAGE_STANDARD = gnu11;
				GCC_NO_COMMON_BLOCKS = YES;
				GCC_WARN_64_TO_32_BIT_CONVERSION = YES;
				GCC_WARN_ABOUT_RETURN_TYPE = YES_ERROR;
				GCC_WARN_UNDECLARED_SELECTOR = YES;
				GCC_WARN_UNINITIALIZED_AUTOS = YES_AGGRESSIVE;
				GCC_WARN_UNUSED_FUNCTION = YES;
				GCC_WARN_UNUSED_VARIABLE = YES;
				IPHONEOS_DEPLOYMENT_TARGET = 13.7;
				MTL_ENABLE_DEBUG_INFO = NO;
				MTL_FAST_MATH = YES;
				SDKROOT = iphoneos;
				SWIFT_COMPILATION_MODE = wholemodule;
				SWIFT_OPTIMIZATION_LEVEL = "-O";
				VALIDATE_PRODUCT = YES;
			};
			name = Release;
		};
		81CCBBDC250A50E40093781D /* Debug */ = {
			isa = XCBuildConfiguration;
			buildSettings = {
				ASSETCATALOG_COMPILER_APPICON_NAME = AppIcon;
				CODE_SIGN_STYLE = Automatic;
				INFOPLIST_FILE = TechPod/Info.plist;
				LD_RUNPATH_SEARCH_PATHS = (
					"$(inherited)",
					"@executable_path/Frameworks",
				);
				PRODUCT_BUNDLE_IDENTIFIER = com.litech.TechPod;
				PRODUCT_NAME = "$(TARGET_NAME)";
				SWIFT_VERSION = 5.0;
				TARGETED_DEVICE_FAMILY = "1,2";
			};
			name = Debug;
		};
		81CCBBDD250A50E40093781D /* Release */ = {
			isa = XCBuildConfiguration;
			buildSettings = {
				ASSETCATALOG_COMPILER_APPICON_NAME = AppIcon;
				CODE_SIGN_STYLE = Automatic;
				INFOPLIST_FILE = TechPod/Info.plist;
				LD_RUNPATH_SEARCH_PATHS = (
					"$(inherited)",
					"@executable_path/Frameworks",
				);
				PRODUCT_BUNDLE_IDENTIFIER = com.litech.TechPod;
				PRODUCT_NAME = "$(TARGET_NAME)";
				SWIFT_VERSION = 5.0;
				TARGETED_DEVICE_FAMILY = "1,2";
			};
			name = Release;
		};
		81CCBBDF250A50E40093781D /* Debug */ = {
			isa = XCBuildConfiguration;
			buildSettings = {
				ALWAYS_EMBED_SWIFT_STANDARD_LIBRARIES = YES;
				BUNDLE_LOADER = "$(TEST_HOST)";
				CODE_SIGN_STYLE = Automatic;
				INFOPLIST_FILE = TechPodTests/Info.plist;
				IPHONEOS_DEPLOYMENT_TARGET = 13.7;
				LD_RUNPATH_SEARCH_PATHS = (
					"$(inherited)",
					"@executable_path/Frameworks",
					"@loader_path/Frameworks",
				);
				PRODUCT_BUNDLE_IDENTIFIER = com.litech.TechPodTests;
				PRODUCT_NAME = "$(TARGET_NAME)";
				SWIFT_VERSION = 5.0;
				TARGETED_DEVICE_FAMILY = "1,2";
				TEST_HOST = "$(BUILT_PRODUCTS_DIR)/TechPod.app/TechPod";
			};
			name = Debug;
		};
		81CCBBE0250A50E40093781D /* Release */ = {
			isa = XCBuildConfiguration;
			buildSettings = {
				ALWAYS_EMBED_SWIFT_STANDARD_LIBRARIES = YES;
				BUNDLE_LOADER = "$(TEST_HOST)";
				CODE_SIGN_STYLE = Automatic;
				INFOPLIST_FILE = TechPodTests/Info.plist;
				IPHONEOS_DEPLOYMENT_TARGET = 13.7;
				LD_RUNPATH_SEARCH_PATHS = (
					"$(inherited)",
					"@executable_path/Frameworks",
					"@loader_path/Frameworks",
				);
				PRODUCT_BUNDLE_IDENTIFIER = com.litech.TechPodTests;
				PRODUCT_NAME = "$(TARGET_NAME)";
				SWIFT_VERSION = 5.0;
				TARGETED_DEVICE_FAMILY = "1,2";
				TEST_HOST = "$(BUILT_PRODUCTS_DIR)/TechPod.app/TechPod";
			};
			name = Release;
		};
		81CCBBE2250A50E40093781D /* Debug */ = {
			isa = XCBuildConfiguration;
			buildSettings = {
				ALWAYS_EMBED_SWIFT_STANDARD_LIBRARIES = YES;
				CODE_SIGN_STYLE = Automatic;
				INFOPLIST_FILE = TechPodUITests/Info.plist;
				LD_RUNPATH_SEARCH_PATHS = (
					"$(inherited)",
					"@executable_path/Frameworks",
					"@loader_path/Frameworks",
				);
				PRODUCT_BUNDLE_IDENTIFIER = com.litech.TechPodUITests;
				PRODUCT_NAME = "$(TARGET_NAME)";
				SWIFT_VERSION = 5.0;
				TARGETED_DEVICE_FAMILY = "1,2";
				TEST_TARGET_NAME = TechPod;
			};
			name = Debug;
		};
		81CCBBE3250A50E40093781D /* Release */ = {
			isa = XCBuildConfiguration;
			buildSettings = {
				ALWAYS_EMBED_SWIFT_STANDARD_LIBRARIES = YES;
				CODE_SIGN_STYLE = Automatic;
				INFOPLIST_FILE = TechPodUITests/Info.plist;
				LD_RUNPATH_SEARCH_PATHS = (
					"$(inherited)",
					"@executable_path/Frameworks",
					"@loader_path/Frameworks",
				);
				PRODUCT_BUNDLE_IDENTIFIER = com.litech.TechPodUITests;
				PRODUCT_NAME = "$(TARGET_NAME)";
				SWIFT_VERSION = 5.0;
				TARGETED_DEVICE_FAMILY = "1,2";
				TEST_TARGET_NAME = TechPod;
			};
			name = Release;
		};
/* End XCBuildConfiguration section */

/* Begin XCConfigurationList section */
		81CCBBAC250A50DF0093781D /* Build configuration list for PBXProject "TechPod" */ = {
			isa = XCConfigurationList;
			buildConfigurations = (
				81CCBBD9250A50E40093781D /* Debug */,
				81CCBBDA250A50E40093781D /* Release */,
			);
			defaultConfigurationIsVisible = 0;
			defaultConfigurationName = Release;
		};
		81CCBBDB250A50E40093781D /* Build configuration list for PBXNativeTarget "TechPod" */ = {
			isa = XCConfigurationList;
			buildConfigurations = (
				81CCBBDC250A50E40093781D /* Debug */,
				81CCBBDD250A50E40093781D /* Release */,
			);
			defaultConfigurationIsVisible = 0;
			defaultConfigurationName = Release;
		};
		81CCBBDE250A50E40093781D /* Build configuration list for PBXNativeTarget "TechPodTests" */ = {
			isa = XCConfigurationList;
			buildConfigurations = (
				81CCBBDF250A50E40093781D /* Debug */,
				81CCBBE0250A50E40093781D /* Release */,
			);
			defaultConfigurationIsVisible = 0;
			defaultConfigurationName = Release;
		};
		81CCBBE1250A50E40093781D /* Build configuration list for PBXNativeTarget "TechPodUITests" */ = {
			isa = XCConfigurationList;
			buildConfigurations = (
				81CCBBE2250A50E40093781D /* Debug */,
				81CCBBE3250A50E40093781D /* Release */,
			);
			defaultConfigurationIsVisible = 0;
			defaultConfigurationName = Release;
		};
/* End XCConfigurationList section */
	};
	rootObject = 81CCBBA9250A50DF0093781D /* Project object */;
}
